
Microsoft Visual Studio Solution File, Format Version 12.00
# Visual Studio 15
VisualStudioVersion = 15.0.27705.2000
MinimumVisualStudioVersion = 10.0.40219.1
Project("{FAE04EC0-301F-11D3-BF4B-00C04F79EFBC}") = "Nge.Web", "Nge.Web\Nge.Web.csproj", "{99E027FC-9BE3-4DF2-B566-2CF5B2FBBBFB}"
EndProject
Global
	GlobalSection(SolutionConfigurationPlatforms) = preSolution
		Debug|Any CPU = Debug|Any CPU
		Release|Any CPU = Release|Any CPU
	EndGlobalSection
	GlobalSection(ProjectConfigurationPlatforms) = postSolution
		{99E027FC-9BE3-4DF2-B566-2CF5B2FBBBFB}.Debug|Any CPU.ActiveCfg = Debug|Any CPU
		{99E027FC-9BE3-4DF2-B566-2CF5B2FBBBFB}.Debug|Any CPU.Build.0 = Debug|Any CPU
		{99E027FC-9BE3-4DF2-B566-2CF5B2FBBBFB}.Release|Any CPU.ActiveCfg = Release|Any CPU
		{99E027FC-9BE3-4DF2-B566-2CF5B2FBBBFB}.Release|Any CPU.Build.0 = Release|Any CPU
	EndGlobalSection
	GlobalSection(SolutionProperties) = preSolution
		HideSolutionNode = FALSE
	EndGlobalSection
	GlobalSection(ExtensibilityGlobals) = postSolution
		SolutionGuid = {D651EDAE-3563-44D9-A131-A3ED55D722BA}
	EndGlobalSection
EndGlobal
